
Microsoft Visual Studio Solution File, Format Version 12.00
# Visual Studio Version 17
VisualStudioVersion = 17.0.31903.59
MinimumVisualStudioVersion = 10.0.40219.1
Project("{FAE04EC0-301F-11D3-BF4B-00C04F79EFBC}") = "Magician", "magician\Magician.csproj", "{2DEDCAA9-B1EE-4960-9297-9FB46CA25662}"
EndProject
Project("{FAE04EC0-301F-11D3-BF4B-00C04F79EFBC}") = "MagicianDemo", "sdldemo\MagicianDemo.csproj", "{4A86CAEA-F8C2-45FE-AB51-23A44E7C3040}"
EndProject
Project("{FAE04EC0-301F-11D3-BF4B-00C04F79EFBC}") = "MagicianTest", "tests\MagicianTest.csproj", "{E460D6BB-BA51-4F87-81E0-759BE89884D7}"
EndProject
Global
	GlobalSection(SolutionConfigurationPlatforms) = preSolution
		Debug|Any CPU = Debug|Any CPU
		Release|Any CPU = Release|Any CPU
	EndGlobalSection
	GlobalSection(SolutionProperties) = preSolution
		HideSolutionNode = FALSE
	EndGlobalSection
	GlobalSection(ProjectConfigurationPlatforms) = postSolution
		{2DEDCAA9-B1EE-4960-9297-9FB46CA25662}.Debug|Any CPU.ActiveCfg = Debug|Any CPU
		{2DEDCAA9-B1EE-4960-9297-9FB46CA25662}.Debug|Any CPU.Build.0 = Debug|Any CPU
		{2DEDCAA9-B1EE-4960-9297-9FB46CA25662}.Release|Any CPU.ActiveCfg = Release|Any CPU
		{2DEDCAA9-B1EE-4960-9297-9FB46CA25662}.Release|Any CPU.Build.0 = Release|Any CPU
		{4A86CAEA-F8C2-45FE-AB51-23A44E7C3040}.Debug|Any CPU.ActiveCfg = Debug|Any CPU
		{4A86CAEA-F8C2-45FE-AB51-23A44E7C3040}.Debug|Any CPU.Build.0 = Debug|Any CPU
		{4A86CAEA-F8C2-45FE-AB51-23A44E7C3040}.Release|Any CPU.ActiveCfg = Release|Any CPU
		{4A86CAEA-F8C2-45FE-AB51-23A44E7C3040}.Release|Any CPU.Build.0 = Release|Any CPU
		{E460D6BB-BA51-4F87-81E0-759BE89884D7}.Debug|Any CPU.ActiveCfg = Debug|Any CPU
		{E460D6BB-BA51-4F87-81E0-759BE89884D7}.Debug|Any CPU.Build.0 = Debug|Any CPU
		{E460D6BB-BA51-4F87-81E0-759BE89884D7}.Release|Any CPU.ActiveCfg = Release|Any CPU
		{E460D6BB-BA51-4F87-81E0-759BE89884D7}.Release|Any CPU.Build.0 = Release|Any CPU
	EndGlobalSection
EndGlobal
