
Microsoft Visual Studio Solution File, Format Version 12.00
# Visual Studio Version 17
VisualStudioVersion = 17.0.31903.59
MinimumVisualStudioVersion = 10.0.40219.1
Project("{FAE04EC0-301F-11D3-BF4B-00C04F79EFBC}") = "Magician", "magician\Magician.csproj", "{3001CDBA-9EA4-48D7-84C7-0E3D8700891F}"
EndProject
Project("{FAE04EC0-301F-11D3-BF4B-00C04F79EFBC}") = "MagicianDemo", "sdldemo\MagicianDemo.csproj", "{4AAE5D38-48E2-4B84-B655-D88228898BF0}"
EndProject
Project("{FAE04EC0-301F-11D3-BF4B-00C04F79EFBC}") = "MagicianTest", "tests\MagicianTest.csproj", "{CAA42DAE-E8FD-4934-A9DB-9BACF0D068C8}"
EndProject
Global
	GlobalSection(SolutionConfigurationPlatforms) = preSolution
		Debug|Any CPU = Debug|Any CPU
		Release|Any CPU = Release|Any CPU
	EndGlobalSection
	GlobalSection(SolutionProperties) = preSolution
		HideSolutionNode = FALSE
	EndGlobalSection
	GlobalSection(ProjectConfigurationPlatforms) = postSolution
		{3001CDBA-9EA4-48D7-84C7-0E3D8700891F}.Debug|Any CPU.ActiveCfg = Debug|Any CPU
		{3001CDBA-9EA4-48D7-84C7-0E3D8700891F}.Debug|Any CPU.Build.0 = Debug|Any CPU
		{3001CDBA-9EA4-48D7-84C7-0E3D8700891F}.Release|Any CPU.ActiveCfg = Release|Any CPU
		{3001CDBA-9EA4-48D7-84C7-0E3D8700891F}.Release|Any CPU.Build.0 = Release|Any CPU
		{4AAE5D38-48E2-4B84-B655-D88228898BF0}.Debug|Any CPU.ActiveCfg = Debug|Any CPU
		{4AAE5D38-48E2-4B84-B655-D88228898BF0}.Debug|Any CPU.Build.0 = Debug|Any CPU
		{4AAE5D38-48E2-4B84-B655-D88228898BF0}.Release|Any CPU.ActiveCfg = Release|Any CPU
		{4AAE5D38-48E2-4B84-B655-D88228898BF0}.Release|Any CPU.Build.0 = Release|Any CPU
		{CAA42DAE-E8FD-4934-A9DB-9BACF0D068C8}.Debug|Any CPU.ActiveCfg = Debug|Any CPU
		{CAA42DAE-E8FD-4934-A9DB-9BACF0D068C8}.Debug|Any CPU.Build.0 = Debug|Any CPU
		{CAA42DAE-E8FD-4934-A9DB-9BACF0D068C8}.Release|Any CPU.ActiveCfg = Release|Any CPU
		{CAA42DAE-E8FD-4934-A9DB-9BACF0D068C8}.Release|Any CPU.Build.0 = Release|Any CPU
	EndGlobalSection
EndGlobal
